github.com/remyoudompheng/bigfft v0.0.0-20200410134404-eec4a21b6bb0 h1:OdAsTTz6OkFY5QxjkYwrChwuRruF69c169dPK26NUlk=
github.com/remyoudompheng/bigfft v0.0.0-20200410134404-eec4a21b6bb0/go.mod h1:qqbHyh8v60DhA7CoWK5oRCqLrMHRGoxYCSS9EjAz6Eo=
golang.org/x/exp v0.0.0-20181106170214-d68db9428509/go.mod h1:CJ0aWSM057203Lf6IL+f9T1iT9GByDxfZKAQTCR3kQA=
modernc.org/cc v1.0.0 h1:nPibNuDEx6tvYrUAtvDTTw98rx5juGsa5zuDnKwEEQQ=
modernc.org/cc v1.0.0/go.mod h1:1Sk4//wdnYJiUIxnW8ddKpaOJCF37yAdqYnkxUpaYxw=
modernc.org/fileutil v1.0.0/go.mod h1:JHsWpkrk/CnVV1H/eGlFf85BEpfkrp56ro8nojIq9Q8=
modernc.org/golex v1.0.1 h1:EYKY1a3wStt0RzHaH8mdSRNg78Ub0OHxYfCRWw35YtM=
modernc.org/golex v1.0.1/go.mod h1:QCA53QtsT1NdGkaZZkF5ezFwk4IXh4BGNafAARTC254=
modernc.org/lex v1.0.0/go.mod h1:G6rxMTy3cH2iA0iXL/HRRv4Znu8MK4higxph/lE7ypk=
modernc.org/lexer v1.0.0/go.mod h1:F/Dld0YKYdZCLQ7bD0USbWL4YKCyTDRDHiDTOs0q0vk=
modernc.org/mathutil v1.1.1 h1:FeylZSVX8S+58VsyJlkEj2bcpdytmp9MmDKZkKx8OIE=
modernc.org/mathutil v1.1.1/go.mod h1:mZW8CKdRPY1v87qxC/wUdX5O1qDzXMP5TH3wjfpga6E=
modernc.org/strutil v1.1.0 h1:+1/yCzZxY2pZwwrsbH+4T7BQMoLQ9QiBshRC9eicYsc=
modernc.org/strutil v1.1.0/go.mod h1:lstksw84oURvj9y3tn8lGvRxyRC1S2+g5uuIzNfIOBs=
modernc.org/xc v1.0.0 h1:7ccXrupWZIS3twbUGrtKmHS2DXY6xegFua+6O3xgAFU=
modernc.org/xc v1.0.0/go.mod h1:mRNCo0bvLjGhHO9WsyuKVU4q0ceiDDDoEeWDJHrNx8I=
